// !$*UTF8*$!
{
	archiveVersion = 1;
	classes = {
	};
	objectVersion = 48;
	objects = {

/* Begin PBXBuildFile section */
		A4E8EF511F9DE62000EBE749 /* AppDelegate.swift in Sources */ = {isa = PBXBuildFile; fileRef = A4E8EF501F9DE62000EBE749 /* AppDelegate.swift */; };
		A4E8EF531F9DE62000EBE749 /* ViewController.swift in Sources */ = {isa = PBXBuildFile; fileRef = A4E8EF521F9DE62000EBE749 /* ViewController.swift */; };
		A4E8EF561F9DE62000EBE749 /* Main.storyboard in Resources */ = {isa = PBXBuildFile; fileRef = A4E8EF541F9DE62000EBE749 /* Main.storyboard */; };
		A4E8EF591F9DE62000EBE749 /* BookCollector.xcdatamodeld in Sources */ = {isa = PBXBuildFile; fileRef = A4E8EF571F9DE62000EBE749 /* BookCollector.xcdatamodeld */; };
		A4E8EF5B1F9DE62000EBE749 /* Assets.xcassets in Resources */ = {isa = PBXBuildFile; fileRef = A4E8EF5A1F9DE62000EBE749 /* Assets.xcassets */; };
		A4E8EF5E1F9DE62000EBE749 /* LaunchScreen.storyboard in Resources */ = {isa = PBXBuildFile; fileRef = A4E8EF5C1F9DE62000EBE749 /* LaunchScreen.storyboard */; };
/* End PBXBuildFile section */

/* Begin PBXFileReference section */
		A4E8EF4D1F9DE62000EBE749 /* BookCollector.app */ = {isa = PBXFileReference; explicitFileType = wrapper.application; includeInIndex = 0; path = BookCollector.app; sourceTree = BUILT_PRODUCTS_DIR; };
		A4E8EF501F9DE62000EBE749 /* AppDelegate.swift */ = {isa = PBXFileReference; lastKnownFileType = sourcecode.swift; path = AppDelegate.swift; sourceTree = "<group>"; };
		A4E8EF521F9DE62000EBE749 /* ViewController.swift */ = {isa = PBXFileReference; lastKnownFileType = sourcecode.swift; path = ViewController.swift; sourceTree = "<group>"; };
		A4E8EF551F9DE62000EBE749 /* Base */ = {isa = PBXFileReference; lastKnownFileType = file.storyboard; name = Base; path = Base.lproj/Main.storyboard; sourceTree = "<group>"; };
		A4E8EF581F9DE62000EBE749 /* BookCollector.xcdatamodel */ = {isa = PBXFileReference; lastKnownFileType = wrapper.xcdatamodel; path = BookCollector.xcdatamodel; sourceTree = "<group>"; };
		A4E8EF5A1F9DE62000EBE749 /* Assets.xcassets */ = {isa = PBXFileReference; lastKnownFileType = folder.assetcatalog; path = Assets.xcassets; sourceTree = "<group>"; };
		A4E8EF5D1F9DE62000EBE749 /* Base */ = {isa = PBXFileReference; lastKnownFileType = file.storyboard; name = Base; path = Base.lproj/LaunchScreen.storyboard; sourceTree = "<group>"; };
		A4E8EF5F1F9DE62000EBE749 /* Info.plist */ = {isa = PBXFileReference; lastKnownFileType = text.plist.xml; path = Info.plist; sourceTree = "<group>"; };
/* End PBXFileReference section */

/* Begin PBXFrameworksBuildPhase section */
		A4E8EF4A1F9DE62000EBE749 /* Frameworks */ = {
			isa = PBXFrameworksBuildPhase;
			buildActionMask = 2147483647;
			files = (
			);
			runOnlyForDeploymentPostprocessing = 0;
		};
/* End PBXFrameworksBuildPhase section */

/* Begin PBXGroup section */
		A4E8EF441F9DE62000EBE749 = {
			isa = PBXGroup;
			children = (
				A4E8EF4F1F9DE62000EBE749 /* BookCollector */,
				A4E8EF4E1F9DE62000EBE749 /* Products */,
			);
			sourceTree = "<group>";
		};
		A4E8EF4E1F9DE62000EBE749 /* Products */ = {
			isa = PBXGroup;
			children = (
				A4E8EF4D1F9DE62000EBE749 /* BookCollector.app */,
			);
			name = Products;
			sourceTree = "<group>";
		};
		A4E8EF4F1F9DE62000EBE749 /* BookCollector */ = {
			isa = PBXGroup;
			children = (
				A4E8EF501F9DE62000EBE749 /* AppDelegate.swift */,
				A4E8EF521F9DE62000EBE749 /* ViewController.swift */,
				A4E8EF541F9DE62000EBE749 /* Main.storyboard */,
				A4E8EF5A1F9DE62000EBE749 /* Assets.xcassets */,
				A4E8EF5C1F9DE62000EBE749 /* LaunchScreen.storyboard */,
				A4E8EF5F1F9DE62000EBE749 /* Info.plist */,
				A4E8EF571F9DE62000EBE749 /* BookCollector.xcdatamodeld */,
			);
			path = BookCollector;
			sourceTree = "<group>";
		};
/* End PBXGroup section */

/* Begin PBXNativeTarget section */
		A4E8EF4C1F9DE62000EBE749 /* BookCollector */ = {
			isa = PBXNativeTarget;
			buildConfigurationList = A4E8EF621F9DE62000EBE749 /* Build configuration list for PBXNativeTarget "BookCollector" */;
			buildPhases = (
				A4E8EF491F9DE62000EBE749 /* Sources */,
				A4E8EF4A1F9DE62000EBE749 /* Frameworks */,
				A4E8EF4B1F9DE62000EBE749 /* Resources */,
			);
			buildRules = (
			);
			dependencies = (
			);
			name = BookCollector;
			productName = BookCollector;
			productReference = A4E8EF4D1F9DE62000EBE749 /* BookCollector.app */;
			productType = "com.apple.product-type.application";
		};
/* End PBXNativeTarget section */

/* Begin PBXProject section */
		A4E8EF451F9DE62000EBE749 /* Project object */ = {
			isa = PBXProject;
			attributes = {
				LastSwiftUpdateCheck = 0900;
				LastUpgradeCheck = 0900;
				ORGANIZATIONNAME = "Abnormal Gorilla Fetus";
				TargetAttributes = {
					A4E8EF4C1F9DE62000EBE749 = {
						CreatedOnToolsVersion = 9.0.1;
						ProvisioningStyle = Automatic;
					};
				};
			};
			buildConfigurationList = A4E8EF481F9DE62000EBE749 /* Build configuration list for PBXProject "BookCollector" */;
			compatibilityVersion = "Xcode 8.0";
			developmentRegion = en;
			hasScannedForEncodings = 0;
			knownRegions = (
				en,
				Base,
			);
			mainGroup = A4E8EF441F9DE62000EBE749;
			productRefGroup = A4E8EF4E1F9DE62000EBE749 /* Products */;
			projectDirPath = "";
			projectRoot = "";
			targets = (
				A4E8EF4C1F9DE62000EBE749 /* BookCollector */,
			);
		};
/* End PBXProject section */

/* Begin PBXResourcesBuildPhase section */
		A4E8EF4B1F9DE62000EBE749 /* Resources */ = {
			isa = PBXResourcesBuildPhase;
			buildActionMask = 2147483647;
			files = (
				A4E8EF5E1F9DE62000EBE749 /* LaunchScreen.storyboard in Resources */,
				A4E8EF5B1F9DE62000EBE749 /* Assets.xcassets in Resources */,
				A4E8EF561F9DE62000EBE749 /* Main.storyboard in Resources */,
			);
			runOnlyForDeploymentPostprocessing = 0;
		};
/* End PBXResourcesBuildPhase section */

/* Begin PBXSourcesBuildPhase section */
		A4E8EF491F9DE62000EBE749 /* Sources */ = {
			isa = PBXSourcesBuildPhase;
			buildActionMask = 2147483647;
			files = (
				A4E8EF531F9DE62000EBE749 /* ViewController.swift in Sources */,
				A4E8EF511F9DE62000EBE749 /* AppDelegate.swift in Sources */,
				A4E8EF591F9DE62000EBE749 /* BookCollector.xcdatamodeld in Sources */,
			);
			runOnlyForDeploymentPostprocessing = 0;
		};
/* End PBXSourcesBuildPhase section */

/* Begin PBXVariantGroup section */
		A4E8EF541F9DE62000EBE749 /* Main.storyboard */ = {
			isa = PBXVariantGroup;
			children = (
				A4E8EF551F9DE62000EBE749 /* Base */,
			);
			name = Main.storyboard;
			sourceTree = "<group>";
		};
		A4E8EF5C1F9DE62000EBE749 /* LaunchScreen.storyboard */ = {
			isa = PBXVariantGroup;
			children = (
				A4E8EF5D1F9DE62000EBE749 /* Base */,
			);
			name = LaunchScreen.storyboard;
			sourceTree = "<group>";
		};
/* End PBXVariantGroup section */

/* Begin XCBuildConfiguration section */
		A4E8EF601F9DE62000EBE749 /* Debug */ = {
			isa = XCBuildConfiguration;
			buildSettings = {
				ALWAYS_SEARCH_USER_PATHS = NO;
				CLANG_ANALYZER_NONNULL = YES;
				CLANG_ANALYZER_NUMBER_OBJECT_CONVERSION = YES_AGGRESSIVE;
				CLANG_CXX_LANGUAGE_STANDARD = "gnu++14";
				CLANG_CXX_LIBRARY = "libc++";
				CLANG_ENABLE_MODULES = YES;
				CLANG_ENABLE_OBJC_ARC = YES;
				CLANG_WARN_BLOCK_CAPTURE_AUTORELEASING = YES;
				CLANG_WARN_BOOL_CONVERSION = YES;
				CLANG_WARN_COMMA = YES;
				CLANG_WARN_CONSTANT_CONVERSION = YES;
				CLANG_WARN_DIRECT_OBJC_ISA_USAGE = YES_ERROR;
				CLANG_WARN_DOCUMENTATION_COMMENTS = YES;
				CLANG_WARN_EMPTY_BODY = YES;
				CLANG_WARN_ENUM_CONVERSION = YES;
				CLANG_WARN_INFINITE_RECURSION = YES;
				CLANG_WARN_INT_CONVERSION = YES;
				CLANG_WARN_NON_LITERAL_NULL_CONVERSION = YES;
				CLANG_WARN_OBJC_LITERAL_CONVERSION = YES;
				CLANG_WARN_OBJC_ROOT_CLASS = YES_ERROR;
				CLANG_WARN_RANGE_LOOP_ANALYSIS = YES;
				CLANG_WARN_STRICT_PROTOTYPES = YES;
				CLANG_WARN_SUSPICIOUS_MOVE = YES;
				CLANG_WARN_UNGUARDED_AVAILABILITY = YES_AGGRESSIVE;
				CLANG_WARN_UNREACHABLE_CODE = YES;
				CLANG_WARN__DUPLICATE_METHOD_MATCH = YES;
				CODE_SIGN_IDENTITY = "iPhone Developer";
				COPY_PHASE_STRIP = NO;
				DEBUG_INFORMATION_FORMAT = dwarf;
				ENABLE_STRICT_OBJC_MSGSEND = YES;
				ENABLE_TESTABILITY = YES;
				GCC_C_LANGUAGE_STANDARD = gnu11;
				GCC_DYNAMIC_NO_PIC = NO;
				GCC_NO_COMMON_BLOCKS = YES;
				GCC_OPTIMIZATION_LEVEL = 0;
				GCC_PREPROCESSOR_DEFINITIONS = (
					"DEBUG=1",
					"$(inherited)",
				);
				GCC_WARN_64_TO_32_BIT_CONVERSION = YES;
				GCC_WARN_ABOUT_RETURN_TYPE = YES_ERROR;
				GCC_WARN_UNDECLARED_SELECTOR = YES;
				GCC_WARN_UNINITIALIZED_AUTOS = YES_AGGRESSIVE;
				GCC_WARN_UNUSED_FUNCTION = YES;
				GCC_WARN_UNUSED_VARIABLE = YES;
				IPHONEOS_DEPLOYMENT_TARGET = 11.0;
				MTL_ENABLE_DEBUG_INFO = YES;
				ONLY_ACTIVE_ARCH = YES;
				SDKROOT = iphoneos;
				SWIFT_ACTIVE_COMPILATION_CONDITIONS = DEBUG;
				SWIFT_OPTIMIZATION_LEVEL = "-Onone";
			};
			name = Debug;
		};
		A4E8EF611F9DE62000EBE749 /* Release */ = {
			isa = XCBuildConfiguration;
			buildSettings = {
				ALWAYS_SEARCH_USER_PATHS = NO;
				CLANG_ANALYZER_NONNULL = YES;
				CLANG_ANALYZER_NUMBER_OBJECT_CONVERSION = YES_AGGRESSIVE;
				CLANG_CXX_LANGUAGE_STANDARD = "gnu++14";
				CLANG_CXX_LIBRARY = "libc++";
				CLANG_ENABLE_MODULES = YES;
				CLANG_ENABLE_OBJC_ARC = YES;
				CLANG_WARN_BLOCK_CAPTURE_AUTORELEASING = YES;
				CLANG_WARN_BOOL_CONVERSION = YES;
				CLANG_WARN_COMMA = YES;
				CLANG_WARN_CONSTANT_CONVERSION = YES;
				CLANG_WARN_DIRECT_OBJC_ISA_USAGE = YES_ERROR;
				CLANG_WARN_DOCUMENTATION_COMMENTS = YES;
				CLANG_WARN_EMPTY_BODY = YES;
				CLANG_WARN_ENUM_CONVERSION = YES;
				CLANG_WARN_INFINITE_RECURSION = YES;
				CLANG_WARN_INT_CONVERSION = YES;
				CLANG_WARN_NON_LITERAL_NULL_CONVERSION = YES;
				CLANG_WARN_OBJC_LITERAL_CONVERSION = YES;
				CLANG_WARN_OBJC_ROOT_CLASS = YES_ERROR;
				CLANG_WARN_RANGE_LOOP_ANALYSIS = YES;
				CLANG_WARN_STRICT_PROTOTYPES = YES;
				CLANG_WARN_SUSPICIOUS_MOVE = YES;
				CLANG_WARN_UNGUARDED_AVAILABILITY = YES_AGGRESSIVE;
				CLANG_WARN_UNREACHABLE_CODE = YES;
				CLANG_WARN__DUPLICATE_METHOD_MATCH = YES;
				CODE_SIGN_IDENTITY = "iPhone Developer";
				COPY_PHASE_STRIP = NO;
				DEBUG_INFORMATION_FORMAT = "dwarf-with-dsym";
				ENABLE_NS_ASSERTIONS = NO;
				ENABLE_STRICT_OBJC_MSGSEND = YES;
				GCC_C_LANGUAGE_STANDARD = gnu11;
				GCC_NO_COMMON_BLOCKS = YES;
				GCC_WARN_64_TO_32_BIT_CONVERSION = YES;
				GCC_WARN_ABOUT_RETURN_TYPE = YES_ERROR;
				GCC_WARN_UNDECLARED_SELECTOR = YES;
				GCC_WARN_UNINITIALIZED_AUTOS = YES_AGGRESSIVE;
				GCC_WARN_UNUSED_FUNCTION = YES;
				GCC_WARN_UNUSED_VARIABLE = YES;
				IPHONEOS_DEPLOYMENT_TARGET = 11.0;
				MTL_ENABLE_DEBUG_INFO = NO;
				SDKROOT = iphoneos;
				SWIFT_OPTIMIZATION_LEVEL = "-Owholemodule";
				VALIDATE_PRODUCT = YES;
			};
			name = Release;
		};
		A4E8EF631F9DE62000EBE749 /* Debug */ = {
			isa = XCBuildConfiguration;
			buildSettings = {
				ASSETCATALOG_COMPILER_APPICON_NAME = AppIcon;
				CODE_SIGN_STYLE = Automatic;
				DEVELOPMENT_TEAM = 429RD5JTN6;
				INFOPLIST_FILE = BookCollector/Info.plist;
				LD_RUNPATH_SEARCH_PATHS = "$(inherited) @executable_path/Frameworks";
				PRODUCT_BUNDLE_IDENTIFIER = com.abnormal.gorilla.fetus.BookCollector;
				PRODUCT_NAME = "$(TARGET_NAME)";
				SWIFT_VERSION = 4.0;
				TARGETED_DEVICE_FAMILY = "1,2";
			};
			name = Debug;
		};
		A4E8EF641F9DE62000EBE749 /* Release */ = {
			isa = XCBuildConfiguration;
			buildSettings = {
				ASSETCATALOG_COMPILER_APPICON_NAME = AppIcon;
				CODE_SIGN_STYLE = Automatic;
				DEVELOPMENT_TEAM = 429RD5JTN6;
				INFOPLIST_FILE = BookCollector/Info.plist;
				LD_RUNPATH_SEARCH_PATHS = "$(inherited) @executable_path/Frameworks";
				PRODUCT_BUNDLE_IDENTIFIER = com.abnormal.gorilla.fetus.BookCollector;
				PRODUCT_NAME = "$(TARGET_NAME)";
				SWIFT_VERSION = 4.0;
				TARGETED_DEVICE_FAMILY = "1,2";
			};
			name = Release;
		};
/* End XCBuildConfiguration section */

/* Begin XCConfigurationList section */
		A4E8EF481F9DE62000EBE749 /* Build configuration list for PBXProject "BookCollector" */ = {
			isa = XCConfigurationList;
			buildConfigurations = (
				A4E8EF601F9DE62000EBE749 /* Debug */,
				A4E8EF611F9DE62000EBE749 /* Release */,
			);
			defaultConfigurationIsVisible = 0;
			defaultConfigurationName = Release;
		};
		A4E8EF621F9DE62000EBE749 /* Build configuration list for PBXNativeTarget "BookCollector" */ = {
			isa = XCConfigurationList;
			buildConfigurations = (
				A4E8EF631F9DE62000EBE749 /* Debug */,
				A4E8EF641F9DE62000EBE749 /* Release */,
			);
			defaultConfigurationIsVisible = 0;
			defaultConfigurationName = Release;
		};
/* End XCConfigurationList section */

/* Begin XCVersionGroup section */
		A4E8EF571F9DE62000EBE749 /* BookCollector.xcdatamodeld */ = {
			isa = XCVersionGroup;
			children = (
				A4E8EF581F9DE62000EBE749 /* BookCollector.xcdatamodel */,
			);
			currentVersion = A4E8EF581F9DE62000EBE749 /* BookCollector.xcdatamodel */;
			path = BookCollector.xcdatamodeld;
			sourceTree = "<group>";
			versionGroupType = wrapper.xcdatamodel;
		};
/* End XCVersionGroup section */
	};
	rootObject = A4E8EF451F9DE62000EBE749 /* Project object */;
}
